
Microsoft Visual Studio Solution File, Format Version 12.00
# Visual Studio Version 17
VisualStudioVersion = 17.0.31903.59
MinimumVisualStudioVersion = 10.0.40219.1
Project("{FAE04EC0-301F-11D3-BF4B-00C04F79EFBC}") = "Backend", "Backend\Backend.csproj", "{C8036942-C78E-4F2E-AF89-0772624AA83B}"
EndProject
Project("{FAE04EC0-301F-11D3-BF4B-00C04F79EFBC}") = "Frontend", "Frontend\Frontend.csproj", "{FFB99399-87C6-4F1F-BAD9-6AD761D261DC}"
EndProject
Project("{FAE04EC0-301F-11D3-BF4B-00C04F79EFBC}") = "Backend.Tests", "Backend.Tests\Backend.Tests.csproj", "{C1B1496C-2474-46D2-BBD3-E146467106F7}"
EndProject
Global
	GlobalSection(SolutionConfigurationPlatforms) = preSolution
		Debug|Any CPU = Debug|Any CPU
		Debug|x64 = Debug|x64
		Debug|x86 = Debug|x86
		Release|Any CPU = Release|Any CPU
		Release|x64 = Release|x64
		Release|x86 = Release|x86
	EndGlobalSection
	GlobalSection(ProjectConfigurationPlatforms) = postSolution
		{C8036942-C78E-4F2E-AF89-0772624AA83B}.Debug|Any CPU.ActiveCfg = Debug|Any CPU
		{C8036942-C78E-4F2E-AF89-0772624AA83B}.Debug|Any CPU.Build.0 = Debug|Any CPU
		{C8036942-C78E-4F2E-AF89-0772624AA83B}.Debug|x64.ActiveCfg = Debug|Any CPU
		{C8036942-C78E-4F2E-AF89-0772624AA83B}.Debug|x64.Build.0 = Debug|Any CPU
		{C8036942-C78E-4F2E-AF89-0772624AA83B}.Debug|x86.ActiveCfg = Debug|Any CPU
		{C8036942-C78E-4F2E-AF89-0772624AA83B}.Debug|x86.Build.0 = Debug|Any CPU
		{C8036942-C78E-4F2E-AF89-0772624AA83B}.Release|Any CPU.ActiveCfg = Release|Any CPU
		{C8036942-C78E-4F2E-AF89-0772624AA83B}.Release|Any CPU.Build.0 = Release|Any CPU
		{C8036942-C78E-4F2E-AF89-0772624AA83B}.Release|x64.ActiveCfg = Release|Any CPU
		{C8036942-C78E-4F2E-AF89-0772624AA83B}.Release|x64.Build.0 = Release|Any CPU
		{C8036942-C78E-4F2E-AF89-0772624AA83B}.Release|x86.ActiveCfg = Release|Any CPU
		{C8036942-C78E-4F2E-AF89-0772624AA83B}.Release|x86.Build.0 = Release|Any CPU
		{FFB99399-87C6-4F1F-BAD9-6AD761D261DC}.Debug|Any CPU.ActiveCfg = Debug|Any CPU
		{FFB99399-87C6-4F1F-BAD9-6AD761D261DC}.Debug|Any CPU.Build.0 = Debug|Any CPU
		{FFB99399-87C6-4F1F-BAD9-6AD761D261DC}.Debug|x64.ActiveCfg = Debug|Any CPU
		{FFB99399-87C6-4F1F-BAD9-6AD761D261DC}.Debug|x64.Build.0 = Debug|Any CPU
		{FFB99399-87C6-4F1F-BAD9-6AD761D261DC}.Debug|x86.ActiveCfg = Debug|Any CPU
		{FFB99399-87C6-4F1F-BAD9-6AD761D261DC}.Debug|x86.Build.0 = Debug|Any CPU
		{FFB99399-87C6-4F1F-BAD9-6AD761D261DC}.Release|Any CPU.ActiveCfg = Release|Any CPU
		{FFB99399-87C6-4F1F-BAD9-6AD761D261DC}.Release|Any CPU.Build.0 = Release|Any CPU
		{FFB99399-87C6-4F1F-BAD9-6AD761D261DC}.Release|x64.ActiveCfg = Release|Any CPU
		{FFB99399-87C6-4F1F-BAD9-6AD761D261DC}.Release|x64.Build.0 = Release|Any CPU
		{FFB99399-87C6-4F1F-BAD9-6AD761D261DC}.Release|x86.ActiveCfg = Release|Any CPU
		{FFB99399-87C6-4F1F-BAD9-6AD761D261DC}.Release|x86.Build.0 = Release|Any CPU
		{C1B1496C-2474-46D2-BBD3-E146467106F7}.Debug|Any CPU.ActiveCfg = Debug|Any CPU
		{C1B1496C-2474-46D2-BBD3-E146467106F7}.Debug|Any CPU.Build.0 = Debug|Any CPU
		{C1B1496C-2474-46D2-BBD3-E146467106F7}.Debug|x64.ActiveCfg = Debug|Any CPU
		{C1B1496C-2474-46D2-BBD3-E146467106F7}.Debug|x64.Build.0 = Debug|Any CPU
		{C1B1496C-2474-46D2-BBD3-E146467106F7}.Debug|x86.ActiveCfg = Debug|Any CPU
		{C1B1496C-2474-46D2-BBD3-E146467106F7}.Debug|x86.Build.0 = Debug|Any CPU
		{C1B1496C-2474-46D2-BBD3-E146467106F7}.Release|Any CPU.ActiveCfg = Release|Any CPU
		{C1B1496C-2474-46D2-BBD3-E146467106F7}.Release|Any CPU.Build.0 = Release|Any CPU
		{C1B1496C-2474-46D2-BBD3-E146467106F7}.Release|x64.ActiveCfg = Release|Any CPU
		{C1B1496C-2474-46D2-BBD3-E146467106F7}.Release|x64.Build.0 = Release|Any CPU
		{C1B1496C-2474-46D2-BBD3-E146467106F7}.Release|x86.ActiveCfg = Release|Any CPU
		{C1B1496C-2474-46D2-BBD3-E146467106F7}.Release|x86.Build.0 = Release|Any CPU
	EndGlobalSection
	GlobalSection(SolutionProperties) = preSolution
		HideSolutionNode = FALSE
	EndGlobalSection
EndGlobal
